
Microsoft Visual Studio Solution File, Format Version 12.00
# Visual Studio Version 16
VisualStudioVersion = 16.0.31321.278
MinimumVisualStudioVersion = 10.0.40219.1
Project("{9A19103F-16F7-4668-BE54-9A1E7A4F7556}") = "AB.Dot", "AB.Dot\AB.Dot.csproj", "{679FC725-0446-4087-BD1D-FE39B54FED4F}"
EndProject
Project("{FAE04EC0-301F-11D3-BF4B-00C04F79EFBC}") = "AB.Dot.Console", "AB.Dot.Console\AB.Dot.Console.csproj", "{C124A2DF-7810-4CE7-9A83-90FFBDE97053}"
EndProject
Global
	GlobalSection(SolutionConfigurationPlatforms) = preSolution
		Debug|Any CPU = Debug|Any CPU
		Release|Any CPU = Release|Any CPU
	EndGlobalSection
	GlobalSection(ProjectConfigurationPlatforms) = postSolution
		{679FC725-0446-4087-BD1D-FE39B54FED4F}.Debug|Any CPU.ActiveCfg = Debug|Any CPU
		{679FC725-0446-4087-BD1D-FE39B54FED4F}.Debug|Any CPU.Build.0 = Debug|Any CPU
		{679FC725-0446-4087-BD1D-FE39B54FED4F}.Release|Any CPU.ActiveCfg = Release|Any CPU
		{679FC725-0446-4087-BD1D-FE39B54FED4F}.Release|Any CPU.Build.0 = Release|Any CPU
		{C124A2DF-7810-4CE7-9A83-90FFBDE97053}.Debug|Any CPU.ActiveCfg = Debug|Any CPU
		{C124A2DF-7810-4CE7-9A83-90FFBDE97053}.Debug|Any CPU.Build.0 = Debug|Any CPU
		{C124A2DF-7810-4CE7-9A83-90FFBDE97053}.Release|Any CPU.ActiveCfg = Release|Any CPU
		{C124A2DF-7810-4CE7-9A83-90FFBDE97053}.Release|Any CPU.Build.0 = Release|Any CPU
	EndGlobalSection
	GlobalSection(SolutionProperties) = preSolution
		HideSolutionNode = FALSE
	EndGlobalSection
	GlobalSection(ExtensibilityGlobals) = postSolution
		SolutionGuid = {F35F0EEE-59B8-4885-98B6-2D178825E649}
	EndGlobalSection
EndGlobal
